{
  "name": "roadtodevconv-problem3-succession",
  "version": "0.1.0",
  "lockfileVersion": 3,
  "requires": true,
  "packages": {
    "": {
      "name": "roadtodevconv-problem3-succession",
      "version": "0.1.0",
      "license": "MIT",
      "dependencies": {
        "@ethersphere/bee-js": "13.1.0",
        "dotenv": "18.0.1"
      },
      "engines": {
        "node": ">=18.0.0"
      }
    },
    "node_modules/@ethersphere/bee-js": {
      "version": "13.1.0",
      "resolved": "https://registry.npmjs.org/@ethersphere/bee-js/-/bee-js-13.1.0.tgz",
      "integrity": "sha512-inQ0KeYrZqrHk5b+4DlOuTcPOShHHQlYttb/9QNJ1KWyTncun6mEHHYbFalEwy7PVgUdz5Idaw/0uyUGNJH2LQ==",
      "license": "BSD-3-Clause",
      "dependencies": {
        "@ethersphere/core-sdk": "^0.1.1",
        "cafe-utility": "^34.0.0",
        "debug": "^4.4.3",
        "isomorphic-ws": "^5.0.0",
        "semver": "^7.3.5",
        "ws": "^8.21.0",
        "zod": "^4.4.3"
      },
      "bin": {
        "bee-js-codemod": "dist/codemod/index.js"
      },
      "engines": {
        "bee": "2.8.1-7cf53193",
        "beeApiVersion": "8.1.0"
      }
    },
    "node_modules/@ethersphere/core-sdk": {
      "version": "0.1.1",
      "resolved": "https://registry.npmjs.org/@ethersphere/core-sdk/-/core-sdk-0.1.1.tgz",
      "integrity": "sha512-qnDZleD2YK3s5PN/tXc8LnEtzh6BdcPTBjv7baoKSPMQPLeZ9wN/9qH1Zr2FNwhMgAIhgsqV7fB65LlzQ/a7oQ==",
      "license": "BSD-3-Clause",
      "dependencies": {
        "@noble/curves": "^1.9.7",
        "@noble/hashes": "^1.8.0"
      },
      "engines": {
        "node": ">=22"
      }
    },
    "node_modules/@noble/curves": {
      "version": "1.9.7",
      "resolved": "https://registry.npmjs.org/@noble/curves/-/curves-1.9.7.tgz",
      "integrity": "sha512-gbKGcRUYIjA3/zCCNaWDciTMFI0dCkvou3TL8Zmy5Nc7sJ47a0jtOeZoTaMxkuqRo9cRhjOdZJXegxYE5FN/xw==",
      "license": "MIT",
      "dependencies": {
        "@noble/hashes": "1.8.0"
      },
      "engines": {
        "node": "^14.21.3 || >=16"
      },
      "funding": {
        "url": "https://paulmillr.com/funding/"
      }
    },
    "node_modules/@noble/hashes": {
      "version": "1.8.0",
      "resolved": "https://registry.npmjs.org/@noble/hashes/-/hashes-1.8.0.tgz",
      "integrity": "sha512-jCs9ldd7NwzpgXDIf6P3+NrHh9/sD6CQdxHyjQI+h/6rDNo88ypBxxz45UDuZHz9r3tNz7N/VInSVoVdtXEI4A==",
      "license": "MIT",
      "engines": {
        "node": "^14.21.3 || >=16"
      },
      "funding": {
        "url": "https://paulmillr.com/funding/"
      }
    },
    "node_modules/cafe-utility": {
      "version": "34.0.0",
      "resolved": "https://registry.npmjs.org/cafe-utility/-/cafe-utility-34.0.0.tgz",
      "integrity": "sha512-4gxiVyngFbRa1G10+DIDUjk/Qu8OMxgK5bnNXMj4y80Tc+RLdZlk+pE7scgediQS2cxn8L+3XauS8tE62EfsTg==",
      "license": "MIT"
    },
    "node_modules/debug": {
      "version": "4.4.3",
      "resolved": "https://registry.npmjs.org/debug/-/debug-4.4.3.tgz",
      "integrity": "sha512-RGwwWnwQvkVfavKVt22FGLw+xYSdzARwm0ru6DhTVA3umU5hZc28V3kO4stgYryrTlLpuvgI9GiijltAjNbcqA==",
      "license": "MIT",
      "dependencies": {
        "ms": "^2.1.3"
      },
      "engines": {
        "node": ">=6.0"
      },
      "peerDependenciesMeta": {
        "supports-color": {
          "optional": true
        }
      }
    },
    "node_modules/dotenv": {
      "version": "18.0.1",
      "resolved": "https://registry.npmjs.org/dotenv/-/dotenv-18.0.1.tgz",
      "integrity": "sha512-0eR4m4D/jH5eaI3evo2ZqqMii5mrTCR12v12VChdie6O1gPHs7XAjzTep0CWc1Bd+oNx3vVfbi734dK4zghigw==",
      "license": "BSD-2-Clause",
      "bin": {
        "dotenv": "dist/index.cjs"
      },
      "engines": {
        "node": ">=12"
      },
      "funding": {
        "url": "https://dotenvx.com"
      }
    },
    "node_modules/isomorphic-ws": {
      "version": "5.0.0",
      "resolved": "https://registry.npmjs.org/isomorphic-ws/-/isomorphic-ws-5.0.0.tgz",
      "integrity": "sha512-muId7Zzn9ywDsyXgTIafTry2sV3nySZeUDe6YedVd1Hvuuep5AsIlqK+XefWpYTyJG5e503F2xIuT2lcU6rCSw==",
      "license": "MIT",
      "peerDependencies": {
        "ws": "*"
      }
    },
    "node_modules/ms": {
      "version": "2.1.3",
      "resolved": "https://registry.npmjs.org/ms/-/ms-2.1.3.tgz",
      "integrity": "sha512-6FlzubTLZG3J2a/NVCAleEhjzq5oxgHyaCU9yYXvcLsvoVaHJq/s5xXI6/XXP6tz7R9xAOtHnSO/tXtF3WRTlA==",
      "license": "MIT"
    },
    "node_modules/semver": {
      "version": "7.8.5",
      "resolved": "https://registry.npmjs.org/semver/-/semver-7.8.5.tgz",
      "integrity": "sha512-Y7/KDsb8LjooZpwaqGyulO6DQlksgCncchHGk+sZIY4SBvUocMBEFH5Ur1fI4dV+Jvl0w6cjvucaIi40puRioA==",
      "license": "ISC",
      "bin": {
        "semver": "bin/semver.js"
      },
      "engines": {
        "node": ">=10"
      }
    },
    "node_modules/ws": {
      "version": "8.21.3",
      "resolved": "https://registry.npmjs.org/ws/-/ws-8.21.3.tgz",
      "integrity": "sha512-201TZ/kPWxoPr/OKWjquZR1SWKXcvxdH+e1xrx89b3YbmzLMFCLfnaG1HFIgWzJOEWZ7MvpK++odZufgYR50Rw==",
      "license": "MIT",
      "engines": {
        "node": ">=10.0.0"
      },
      "peerDependencies": {
        "bufferutil": "^4.0.1",
        "utf-8-validate": ">=5.0.2"
      },
      "peerDependenciesMeta": {
        "bufferutil": {
          "optional": true
        },
        "utf-8-validate": {
          "optional": true
        }
      }
    },
    "node_modules/zod": {
      "version": "4.6.5",
      "resolved": "https://registry.npmjs.org/zod/-/zod-4.6.5.tgz",
      "integrity": "sha512-v5l/aFXZQeai4awLbOpSoHecE9UiMrnfx75tEXLjNonXVARxQ5mOeipTjROUchszUNCqnE+hqAMujRsRHsut2Q==",
      "license": "MIT",
      "funding": {
        "url": "https://github.com/sponsors/colinhacks"
      }
    }
  }
}
